
Microsoft Visual Studio Solution File, Format Version 12.00
# Visual Studio Version 16
VisualStudioVersion = 16.0.29020.237
MinimumVisualStudioVersion = 10.0.40219.1
Project("{9A19103F-16F7-4668-BE54-9A1E7A4F7556}") = "WebAppConvertFolderDataToJasonFormat", "WebAppConvertFolderDataToJasonFormat\WebAppConvertFolderDataToJasonFormat.csproj", "{DA317FC5-A805-4FB1-ACBE-4CE98B14777D}"
EndProject
Global
	GlobalSection(SolutionConfigurationPlatforms) = preSolution
		Debug|Any CPU = Debug|Any CPU
		Release|Any CPU = Release|Any CPU
	EndGlobalSection
	GlobalSection(ProjectConfigurationPlatforms) = postSolution
		{DA317FC5-A805-4FB1-ACBE-4CE98B14777D}.Debug|Any CPU.ActiveCfg = Debug|Any CPU
		{DA317FC5-A805-4FB1-ACBE-4CE98B14777D}.Debug|Any CPU.Build.0 = Debug|Any CPU
		{DA317FC5-A805-4FB1-ACBE-4CE98B14777D}.Release|Any CPU.ActiveCfg = Release|Any CPU
		{DA317FC5-A805-4FB1-ACBE-4CE98B14777D}.Release|Any CPU.Build.0 = Release|Any CPU
	EndGlobalSection
	GlobalSection(SolutionProperties) = preSolution
		HideSolutionNode = FALSE
	EndGlobalSection
	GlobalSection(ExtensibilityGlobals) = postSolution
		SolutionGuid = {3021AB52-B0E1-4D63-BAB8-E9B63B0F91E5}
	EndGlobalSection
EndGlobal
